{
  "lockfile-version": 1,
  "manifest": {
    "version": 1,
    "install": {
      "huggingface-hub": {
        "pkg-path": "python313Packages.huggingface-hub"
      }
    },
    "hook": {},
    "profile": {},
    "options": {
      "systems": [
        "x86_64-linux"
      ]
    }
  },
  "packages": [
    {
      "attr_path": "python313Packages.huggingface-hub",
      "broken": false,
      "derivation": "/nix/store/gdl7qhawivlx8m7wk8x4r49wsm4wq1r6-python3.13-huggingface-hub-1.5.0.drv",
      "description": "Download and publish models and other files on the huggingface.co hub",
      "install_id": "huggingface-hub",
      "license": "Apache-2.0",
      "locked_url": "https://github.com/flox/nixpkgs?rev=cda48547b432e8d3b18b4180ba07473762ec8558",
      "name": "python3.13-huggingface-hub-1.5.0",
      "pname": "huggingface-hub",
      "rev": "cda48547b432e8d3b18b4180ba07473762ec8558",
      "rev_count": 964459,
      "rev_date": "2026-03-17T08:00:32Z",
      "scrape_date": "2026-03-19T06:19:01.611791Z",
      "stabilities": [
        "unstable"
      ],
      "unfree": false,
      "version": "1.5.0",
      "outputs_to_install": [
        "out",
        "out"
      ],
      "outputs": {
        "dist": "/nix/store/8n2lc9jkf5kzm8h6rd85p90rh9f4dr1l-python3.13-huggingface-hub-1.5.0-dist",
        "out": "/nix/store/q3skphcsm1chfah2a09fplw7s993rdim-python3.13-huggingface-hub-1.5.0"
      },
      "system": "x86_64-linux",
      "group": "toplevel",
      "priority": 5
    }
  ]
}
